// !$*UTF8*$!
{
	archiveVersion = 1;
	classes = {
	};
	objectVersion = 56;
	objects = {

/* Begin PBXBuildFile section */
		DD97127B2B6C6BB500F8ED2A /* libncurses.tbd in Frameworks */ = {isa = PBXBuildFile; fileRef = DD97127A2B6C6B0E00F8ED2A /* libncurses.tbd */; };
		DD97127D2B6C6C2700F8ED2A /* Makefile in Sources */ = {isa = PBXBuildFile; fileRef = DD8DEA512B6A7F960098AF62 /* Makefile */; };
		DD9712802B6C6CC700F8ED2A /* classicRogueLikeRPGonC in Sources */ = {isa = PBXBuildFile; fileRef = DD8DEA472B6A76710098AF62 /* classicRogueLikeRPGonC */; };
		DD9712812B6C6DAF00F8ED2A /* main.c in Sources */ = {isa = PBXBuildFile; fileRef = DD8DEA522B6A7F960098AF62 /* main.c */; };
		DD9712822B6C6DAF00F8ED2A /* player.c in Sources */ = {isa = PBXBuildFile; fileRef = DD95BA2C2B6B4DC000237AC9 /* player.c */; };
		DD9712832B6C6DAF00F8ED2A /* engine.c in Sources */ = {isa = PBXBuildFile; fileRef = DD90DBBF2B6BEB02004CD5CB /* engine.c */; };
		DD9712842B6C6DAF00F8ED2A /* map.c in Sources */ = {isa = PBXBuildFile; fileRef = DD90DBC32B6BF231004CD5CB /* map.c */; };
		DD9712852B6C6DAF00F8ED2A /* draw.c in Sources */ = {isa = PBXBuildFile; fileRef = DD9712772B6C6A7C00F8ED2A /* draw.c */; };
		DD9712862B6C6DAF00F8ED2A /* rogue.h in Sources */ = {isa = PBXBuildFile; fileRef = DD95BA292B6B4C9400237AC9 /* rogue.h */; };
		DD9712872B6C6DB800F8ED2A /* libncurses.tbd in Sources */ = {isa = PBXBuildFile; fileRef = DD97127A2B6C6B0E00F8ED2A /* libncurses.tbd */; };
		DD9712892B6C814800F8ED2A /* room.c in Sources */ = {isa = PBXBuildFile; fileRef = DD9712882B6C814800F8ED2A /* room.c */; };
/* End PBXBuildFile section */

/* Begin PBXCopyFilesBuildPhase section */
		DD8DEA452B6A76710098AF62 /* CopyFiles */ = {
			isa = PBXCopyFilesBuildPhase;
			buildActionMask = 2147483647;
			dstPath = /usr/share/man/man1/;
			dstSubfolderSpec = 0;
			files = (
			);
			runOnlyForDeploymentPostprocessing = 1;
		};
/* End PBXCopyFilesBuildPhase section */

/* Begin PBXFileReference section */
		DD8DEA472B6A76710098AF62 /* classicRogueLikeRPGonC */ = {isa = PBXFileReference; explicitFileType = "compiled.mach-o.executable"; includeInIndex = 0; path = classicRogueLikeRPGonC; sourceTree = BUILT_PRODUCTS_DIR; };
		DD8DEA512B6A7F960098AF62 /* Makefile */ = {isa = PBXFileReference; fileEncoding = 4; lastKnownFileType = text; name = Makefile; path = src/Makefile; sourceTree = SOURCE_ROOT; };
		DD8DEA522B6A7F960098AF62 /* main.c */ = {isa = PBXFileReference; fileEncoding = 4; lastKnownFileType = sourcecode.c.c; name = main.c; path = src/main.c; sourceTree = SOURCE_ROOT; };
		DD90DBBF2B6BEB02004CD5CB /* engine.c */ = {isa = PBXFileReference; fileEncoding = 4; lastKnownFileType = sourcecode.c.c; name = engine.c; path = src/engine.c; sourceTree = SOURCE_ROOT; };
		DD90DBC32B6BF231004CD5CB /* map.c */ = {isa = PBXFileReference; fileEncoding = 4; lastKnownFileType = sourcecode.c.c; name = map.c; path = src/map.c; sourceTree = SOURCE_ROOT; };
		DD95BA292B6B4C9400237AC9 /* rogue.h */ = {isa = PBXFileReference; fileEncoding = 4; lastKnownFileType = sourcecode.c.h; name = rogue.h; path = src/include/rogue.h; sourceTree = SOURCE_ROOT; };
		DD95BA2C2B6B4DC000237AC9 /* player.c */ = {isa = PBXFileReference; fileEncoding = 4; lastKnownFileType = sourcecode.c.c; name = player.c; path = src/player.c; sourceTree = SOURCE_ROOT; };
		DD9712772B6C6A7C00F8ED2A /* draw.c */ = {isa = PBXFileReference; fileEncoding = 4; lastKnownFileType = sourcecode.c.c; name = draw.c; path = src/draw.c; sourceTree = SOURCE_ROOT; };
		DD97127A2B6C6B0E00F8ED2A /* libncurses.tbd */ = {isa = PBXFileReference; lastKnownFileType = "sourcecode.text-based-dylib-definition"; name = libncurses.tbd; path = usr/lib/libncurses.tbd; sourceTree = SDKROOT; };
		DD9712882B6C814800F8ED2A /* room.c */ = {isa = PBXFileReference; fileEncoding = 4; lastKnownFileType = sourcecode.c.c; name = room.c; path = src/room.c; sourceTree = SOURCE_ROOT; };
/* End PBXFileReference section */

/* Begin PBXFrameworksBuildPhase section */
		DD8DEA442B6A76710098AF62 /* Frameworks */ = {
			isa = PBXFrameworksBuildPhase;
			buildActionMask = 2147483647;
			files = (
				DD97127B2B6C6BB500F8ED2A /* libncurses.tbd in Frameworks */,
			);
			runOnlyForDeploymentPostprocessing = 0;
		};
/* End PBXFrameworksBuildPhase section */

/* Begin PBXGroup section */
		DD8DEA3E2B6A76710098AF62 = {
			isa = PBXGroup;
			children = (
				DD8DEA492B6A76710098AF62 /* classicRogueLikeRPGonC */,
				DD8DEA482B6A76710098AF62 /* Products */,
				DD9712792B6C6B0E00F8ED2A /* Frameworks */,
			);
			sourceTree = "<group>";
		};
		DD8DEA482B6A76710098AF62 /* Products */ = {
			isa = PBXGroup;
			children = (
				DD8DEA472B6A76710098AF62 /* classicRogueLikeRPGonC */,
			);
			name = Products;
			sourceTree = "<group>";
		};
		DD8DEA492B6A76710098AF62 /* classicRogueLikeRPGonC */ = {
			isa = PBXGroup;
			children = (
				DD8DEA522B6A7F960098AF62 /* main.c */,
				DD95BA2C2B6B4DC000237AC9 /* player.c */,
				DD90DBBF2B6BEB02004CD5CB /* engine.c */,
				DD90DBC32B6BF231004CD5CB /* map.c */,
				DD9712772B6C6A7C00F8ED2A /* draw.c */,
				DD9712882B6C814800F8ED2A /* room.c */,
				DD95BA292B6B4C9400237AC9 /* rogue.h */,
				DD8DEA512B6A7F960098AF62 /* Makefile */,
			);
			path = classicRogueLikeRPGonC;
			sourceTree = "<group>";
		};
		DD9712792B6C6B0E00F8ED2A /* Frameworks */ = {
			isa = PBXGroup;
			children = (
				DD97127A2B6C6B0E00F8ED2A /* libncurses.tbd */,
			);
			name = Frameworks;
			sourceTree = "<group>";
		};
/* End PBXGroup section */

/* Begin PBXNativeTarget section */
		DD8DEA462B6A76710098AF62 /* classicRogueLikeRPGonC */ = {
			isa = PBXNativeTarget;
			buildConfigurationList = DD8DEA4E2B6A76710098AF62 /* Build configuration list for PBXNativeTarget "classicRogueLikeRPGonC" */;
			buildPhases = (
				DD8DEA432B6A76710098AF62 /* Sources */,
				DD8DEA442B6A76710098AF62 /* Frameworks */,
				DD8DEA452B6A76710098AF62 /* CopyFiles */,
			);
			buildRules = (
			);
			dependencies = (
			);
			name = classicRogueLikeRPGonC;
			productName = classicRogueLikeRPGonC;
			productReference = DD8DEA472B6A76710098AF62 /* classicRogueLikeRPGonC */;
			productType = "com.apple.product-type.tool";
		};
/* End PBXNativeTarget section */

/* Begin PBXProject section */
		DD8DEA3F2B6A76710098AF62 /* Project object */ = {
			isa = PBXProject;
			attributes = {
				BuildIndependentTargetsInParallel = 1;
				LastUpgradeCheck = 1420;
				TargetAttributes = {
					DD8DEA462B6A76710098AF62 = {
						CreatedOnToolsVersion = 14.2;
					};
				};
			};
			buildConfigurationList = DD8DEA422B6A76710098AF62 /* Build configuration list for PBXProject "classicRogueLikeRPGonC" */;
			compatibilityVersion = "Xcode 14.0";
			developmentRegion = en;
			hasScannedForEncodings = 0;
			knownRegions = (
				en,
				Base,
			);
			mainGroup = DD8DEA3E2B6A76710098AF62;
			productRefGroup = DD8DEA482B6A76710098AF62 /* Products */;
			projectDirPath = "";
			projectRoot = "";
			targets = (
				DD8DEA462B6A76710098AF62 /* classicRogueLikeRPGonC */,
			);
		};
/* End PBXProject section */

/* Begin PBXSourcesBuildPhase section */
		DD8DEA432B6A76710098AF62 /* Sources */ = {
			isa = PBXSourcesBuildPhase;
			buildActionMask = 2147483647;
			files = (
				DD9712892B6C814800F8ED2A /* room.c in Sources */,
				DD9712872B6C6DB800F8ED2A /* libncurses.tbd in Sources */,
				DD9712812B6C6DAF00F8ED2A /* main.c in Sources */,
				DD9712822B6C6DAF00F8ED2A /* player.c in Sources */,
				DD9712832B6C6DAF00F8ED2A /* engine.c in Sources */,
				DD9712842B6C6DAF00F8ED2A /* map.c in Sources */,
				DD9712852B6C6DAF00F8ED2A /* draw.c in Sources */,
				DD9712862B6C6DAF00F8ED2A /* rogue.h in Sources */,
				DD9712802B6C6CC700F8ED2A /* classicRogueLikeRPGonC in Sources */,
				DD97127D2B6C6C2700F8ED2A /* Makefile in Sources */,
			);
			runOnlyForDeploymentPostprocessing = 0;
		};
/* End PBXSourcesBuildPhase section */

/* Begin XCBuildConfiguration section */
		DD8DEA4C2B6A76710098AF62 /* Debug */ = {
			isa = XCBuildConfiguration;
			buildSettings = {
				ALWAYS_SEARCH_USER_PATHS = NO;
				CLANG_ANALYZER_NONNULL = YES;
				CLANG_ANALYZER_NUMBER_OBJECT_CONVERSION = YES_AGGRESSIVE;
				CLANG_CXX_LANGUAGE_STANDARD = "gnu++20";
				CLANG_ENABLE_MODULES = YES;
				CLANG_ENABLE_OBJC_ARC = YES;
				CLANG_ENABLE_OBJC_WEAK = YES;
				CLANG_WARN_BLOCK_CAPTURE_AUTORELEASING = YES;
				CLANG_WARN_BOOL_CONVERSION = YES;
				CLANG_WARN_COMMA = YES;
				CLANG_WARN_CONSTANT_CONVERSION = YES;
				CLANG_WARN_DEPRECATED_OBJC_IMPLEMENTATIONS = YES;
				CLANG_WARN_DIRECT_OBJC_ISA_USAGE = YES_ERROR;
				CLANG_WARN_DOCUMENTATION_COMMENTS = YES;
				CLANG_WARN_EMPTY_BODY = YES;
				CLANG_WARN_ENUM_CONVERSION = YES;
				CLANG_WARN_INFINITE_RECURSION = YES;
				CLANG_WARN_INT_CONVERSION = YES;
				CLANG_WARN_NON_LITERAL_NULL_CONVERSION = YES;
				CLANG_WARN_OBJC_IMPLICIT_RETAIN_SELF = YES;
				CLANG_WARN_OBJC_LITERAL_CONVERSION = YES;
				CLANG_WARN_OBJC_ROOT_CLASS = YES_ERROR;
				CLANG_WARN_QUOTED_INCLUDE_IN_FRAMEWORK_HEADER = YES;
				CLANG_WARN_RANGE_LOOP_ANALYSIS = YES;
				CLANG_WARN_STRICT_PROTOTYPES = YES;
				CLANG_WARN_SUSPICIOUS_MOVE = YES;
				CLANG_WARN_UNGUARDED_AVAILABILITY = YES_AGGRESSIVE;
				CLANG_WARN_UNREACHABLE_CODE = YES;
				CLANG_WARN__DUPLICATE_METHOD_MATCH = YES;
				COPY_PHASE_STRIP = NO;
				DEBUG_INFORMATION_FORMAT = dwarf;
				ENABLE_STRICT_OBJC_MSGSEND = YES;
				ENABLE_TESTABILITY = YES;
				GCC_C_LANGUAGE_STANDARD = gnu11;
				GCC_DYNAMIC_NO_PIC = NO;
				GCC_NO_COMMON_BLOCKS = YES;
				GCC_OPTIMIZATION_LEVEL = 0;
				GCC_PREPROCESSOR_DEFINITIONS = (
					"DEBUG=1",
					"$(inherited)",
				);
				GCC_WARN_64_TO_32_BIT_CONVERSION = YES;
				GCC_WARN_ABOUT_RETURN_TYPE = YES_ERROR;
				GCC_WARN_UNDECLARED_SELECTOR = YES;
				GCC_WARN_UNINITIALIZED_AUTOS = YES_AGGRESSIVE;
				GCC_WARN_UNUSED_FUNCTION = YES;
				GCC_WARN_UNUSED_VARIABLE = YES;
				MACOSX_DEPLOYMENT_TARGET = 12.6;
				MTL_ENABLE_DEBUG_INFO = INCLUDE_SOURCE;
				MTL_FAST_MATH = YES;
				ONLY_ACTIVE_ARCH = YES;
				SDKROOT = macosx;
			};
			name = Debug;
		};
		DD8DEA4D2B6A76710098AF62 /* Release */ = {
			isa = XCBuildConfiguration;
			buildSettings = {
				ALWAYS_SEARCH_USER_PATHS = NO;
				CLANG_ANALYZER_NONNULL = YES;
				CLANG_ANALYZER_NUMBER_OBJECT_CONVERSION = YES_AGGRESSIVE;
				CLANG_CXX_LANGUAGE_STANDARD = "gnu++20";
				CLANG_ENABLE_MODULES = YES;
				CLANG_ENABLE_OBJC_ARC = YES;
				CLANG_ENABLE_OBJC_WEAK = YES;
				CLANG_WARN_BLOCK_CAPTURE_AUTORELEASING = YES;
				CLANG_WARN_BOOL_CONVERSION = YES;
				CLANG_WARN_COMMA = YES;
				CLANG_WARN_CONSTANT_CONVERSION = YES;
				CLANG_WARN_DEPRECATED_OBJC_IMPLEMENTATIONS = YES;
				CLANG_WARN_DIRECT_OBJC_ISA_USAGE = YES_ERROR;
				CLANG_WARN_DOCUMENTATION_COMMENTS = YES;
				CLANG_WARN_EMPTY_BODY = YES;
				CLANG_WARN_ENUM_CONVERSION = YES;
				CLANG_WARN_INFINITE_RECURSION = YES;
				CLANG_WARN_INT_CONVERSION = YES;
				CLANG_WARN_NON_LITERAL_NULL_CONVERSION = YES;
				CLANG_WARN_OBJC_IMPLICIT_RETAIN_SELF = YES;
				CLANG_WARN_OBJC_LITERAL_CONVERSION = YES;
				CLANG_WARN_OBJC_ROOT_CLASS = YES_ERROR;
				CLANG_WARN_QUOTED_INCLUDE_IN_FRAMEWORK_HEADER = YES;
				CLANG_WARN_RANGE_LOOP_ANALYSIS = YES;
				CLANG_WARN_STRICT_PROTOTYPES = YES;
				CLANG_WARN_SUSPICIOUS_MOVE = YES;
				CLANG_WARN_UNGUARDED_AVAILABILITY = YES_AGGRESSIVE;
				CLANG_WARN_UNREACHABLE_CODE = YES;
				CLANG_WARN__DUPLICATE_METHOD_MATCH = YES;
				COPY_PHASE_STRIP = NO;
				DEBUG_INFORMATION_FORMAT = "dwarf-with-dsym";
				ENABLE_NS_ASSERTIONS = NO;
				ENABLE_STRICT_OBJC_MSGSEND = YES;
				GCC_C_LANGUAGE_STANDARD = gnu11;
				GCC_NO_COMMON_BLOCKS = YES;
				GCC_WARN_64_TO_32_BIT_CONVERSION = YES;
				GCC_WARN_ABOUT_RETURN_TYPE = YES_ERROR;
				GCC_WARN_UNDECLARED_SELECTOR = YES;
				GCC_WARN_UNINITIALIZED_AUTOS = YES_AGGRESSIVE;
				GCC_WARN_UNUSED_FUNCTION = YES;
				GCC_WARN_UNUSED_VARIABLE = YES;
				MACOSX_DEPLOYMENT_TARGET = 12.6;
				MTL_ENABLE_DEBUG_INFO = NO;
				MTL_FAST_MATH = YES;
				SDKROOT = macosx;
			};
			name = Release;
		};
		DD8DEA4F2B6A76710098AF62 /* Debug */ = {
			isa = XCBuildConfiguration;
			buildSettings = {
				CODE_SIGN_STYLE = Automatic;
				DEVELOPMENT_TEAM = 7YW3V66545;
				ENABLE_HARDENED_RUNTIME = YES;
				PRODUCT_NAME = "$(TARGET_NAME)";
			};
			name = Debug;
		};
		DD8DEA502B6A76710098AF62 /* Release */ = {
			isa = XCBuildConfiguration;
			buildSettings = {
				CODE_SIGN_STYLE = Automatic;
				DEVELOPMENT_TEAM = 7YW3V66545;
				ENABLE_HARDENED_RUNTIME = YES;
				PRODUCT_NAME = "$(TARGET_NAME)";
			};
			name = Release;
		};
/* End XCBuildConfiguration section */

/* Begin XCConfigurationList section */
		DD8DEA422B6A76710098AF62 /* Build configuration list for PBXProject "classicRogueLikeRPGonC" */ = {
			isa = XCConfigurationList;
			buildConfigurations = (
				DD8DEA4C2B6A76710098AF62 /* Debug */,
				DD8DEA4D2B6A76710098AF62 /* Release */,
			);
			defaultConfigurationIsVisible = 0;
			defaultConfigurationName = Release;
		};
		DD8DEA4E2B6A76710098AF62 /* Build configuration list for PBXNativeTarget "classicRogueLikeRPGonC" */ = {
			isa = XCConfigurationList;
			buildConfigurations = (
				DD8DEA4F2B6A76710098AF62 /* Debug */,
				DD8DEA502B6A76710098AF62 /* Release */,
			);
			defaultConfigurationIsVisible = 0;
			defaultConfigurationName = Release;
		};
/* End XCConfigurationList section */
	};
	rootObject = DD8DEA3F2B6A76710098AF62 /* Project object */;
}
